// !$*UTF8*$!
{
	archiveVersion = 1;
	classes = {
	};
	objectVersion = 55;
	objects = {

/* Begin PBXBuildFile section */
		160EAFE428C132FD00CA4732 /* Estrutura_CESPController.swift in Sources */ = {isa = PBXBuildFile; fileRef = 160EAFE328C132FD00CA4732 /* Estrutura_CESPController.swift */; };
		160EAFE628C1391C00CA4732 /* infoCespView.swift in Sources */ = {isa = PBXBuildFile; fileRef = 160EAFE528C1391C00CA4732 /* infoCespView.swift */; };
		160EAFE828C27A7E00CA4732 /* estruturasCespView.swift in Sources */ = {isa = PBXBuildFile; fileRef = 160EAFE728C27A7E00CA4732 /* estruturasCespView.swift */; };
		160EAFEA28C27B3600CA4732 /* modalidadesCespView.swift in Sources */ = {isa = PBXBuildFile; fileRef = 160EAFE928C27B3600CA4732 /* modalidadesCespView.swift */; };
		160EAFF028C29E6700CA4732 /* addNewEstruturaView.swift in Sources */ = {isa = PBXBuildFile; fileRef = 160EAFEF28C29E6700CA4732 /* addNewEstruturaView.swift */; };
		16838CF928BE8EF5005C319C /* CESP_viewApp.swift in Sources */ = {isa = PBXBuildFile; fileRef = 16838CF828BE8EF5005C319C /* CESP_viewApp.swift */; };
		16838CFB28BE8EF5005C319C /* ContentView.swift in Sources */ = {isa = PBXBuildFile; fileRef = 16838CFA28BE8EF5005C319C /* ContentView.swift */; };
		16838CFD28BE8EF7005C319C /* Assets.xcassets in Resources */ = {isa = PBXBuildFile; fileRef = 16838CFC28BE8EF7005C319C /* Assets.xcassets */; };
		16838D0028BE8EF7005C319C /* Preview Assets.xcassets in Resources */ = {isa = PBXBuildFile; fileRef = 16838CFF28BE8EF7005C319C /* Preview Assets.xcassets */; };
		16838D0928BE8F5D005C319C /* CESPModel.xcdatamodeld in Sources */ = {isa = PBXBuildFile; fileRef = 16838D0728BE8F5D005C319C /* CESPModel.xcdatamodeld */; };
		16838D0B28BE9289005C319C /* CESPController.swift in Sources */ = {isa = PBXBuildFile; fileRef = 16838D0A28BE9289005C319C /* CESPController.swift */; };
		16838D1028BEA11B005C319C /* addNewCespView.swift in Sources */ = {isa = PBXBuildFile; fileRef = 16838D0F28BEA11B005C319C /* addNewCespView.swift */; };
/* End PBXBuildFile section */

/* Begin PBXFileReference section */
		160EAFE328C132FD00CA4732 /* Estrutura_CESPController.swift */ = {isa = PBXFileReference; lastKnownFileType = sourcecode.swift; path = Estrutura_CESPController.swift; sourceTree = "<group>"; };
		160EAFE528C1391C00CA4732 /* infoCespView.swift */ = {isa = PBXFileReference; lastKnownFileType = sourcecode.swift; path = infoCespView.swift; sourceTree = "<group>"; };
		160EAFE728C27A7E00CA4732 /* estruturasCespView.swift */ = {isa = PBXFileReference; lastKnownFileType = sourcecode.swift; path = estruturasCespView.swift; sourceTree = "<group>"; };
		160EAFE928C27B3600CA4732 /* modalidadesCespView.swift */ = {isa = PBXFileReference; lastKnownFileType = sourcecode.swift; path = modalidadesCespView.swift; sourceTree = "<group>"; };
		160EAFEF28C29E6700CA4732 /* addNewEstruturaView.swift */ = {isa = PBXFileReference; lastKnownFileType = sourcecode.swift; path = addNewEstruturaView.swift; sourceTree = "<group>"; };
		16838CF528BE8EF5005C319C /* CESP_view.app */ = {isa = PBXFileReference; explicitFileType = wrapper.application; includeInIndex = 0; path = CESP_view.app; sourceTree = BUILT_PRODUCTS_DIR; };
		16838CF828BE8EF5005C319C /* CESP_viewApp.swift */ = {isa = PBXFileReference; lastKnownFileType = sourcecode.swift; path = CESP_viewApp.swift; sourceTree = "<group>"; };
		16838CFA28BE8EF5005C319C /* ContentView.swift */ = {isa = PBXFileReference; lastKnownFileType = sourcecode.swift; path = ContentView.swift; sourceTree = "<group>"; };
		16838CFC28BE8EF7005C319C /* Assets.xcassets */ = {isa = PBXFileReference; lastKnownFileType = folder.assetcatalog; path = Assets.xcassets; sourceTree = "<group>"; };
		16838CFF28BE8EF7005C319C /* Preview Assets.xcassets */ = {isa = PBXFileReference; lastKnownFileType = folder.assetcatalog; path = "Preview Assets.xcassets"; sourceTree = "<group>"; };
		16838D0828BE8F5D005C319C /* CESPModel.xcdatamodel */ = {isa = PBXFileReference; lastKnownFileType = wrapper.xcdatamodel; path = CESPModel.xcdatamodel; sourceTree = "<group>"; };
		16838D0A28BE9289005C319C /* CESPController.swift */ = {isa = PBXFileReference; lastKnownFileType = sourcecode.swift; path = CESPController.swift; sourceTree = "<group>"; };
		16838D0F28BEA11B005C319C /* addNewCespView.swift */ = {isa = PBXFileReference; lastKnownFileType = sourcecode.swift; path = addNewCespView.swift; sourceTree = "<group>"; };
/* End PBXFileReference section */

/* Begin PBXFrameworksBuildPhase section */
		16838CF228BE8EF5005C319C /* Frameworks */ = {
			isa = PBXFrameworksBuildPhase;
			buildActionMask = 2147483647;
			files = (
			);
			runOnlyForDeploymentPostprocessing = 0;
		};
/* End PBXFrameworksBuildPhase section */

/* Begin PBXGroup section */
		160EAFEB28C29DF200CA4732 /* Main */ = {
			isa = PBXGroup;
			children = (
				16838CFA28BE8EF5005C319C /* ContentView.swift */,
			);
			path = Main;
			sourceTree = "<group>";
		};
		160EAFEC28C29E0800CA4732 /* CE */ = {
			isa = PBXGroup;
			children = (
				16838D0F28BEA11B005C319C /* addNewCespView.swift */,
				160EAFE528C1391C00CA4732 /* infoCespView.swift */,
				160EAFEE28C29E2E00CA4732 /* Modalidade */,
				160EAFED28C29E2100CA4732 /* Estrutura */,
			);
			path = CE;
			sourceTree = "<group>";
		};
		160EAFED28C29E2100CA4732 /* Estrutura */ = {
			isa = PBXGroup;
			children = (
				160EAFE728C27A7E00CA4732 /* estruturasCespView.swift */,
				160EAFEF28C29E6700CA4732 /* addNewEstruturaView.swift */,
			);
			path = Estrutura;
			sourceTree = "<group>";
		};
		160EAFEE28C29E2E00CA4732 /* Modalidade */ = {
			isa = PBXGroup;
			children = (
				160EAFE928C27B3600CA4732 /* modalidadesCespView.swift */,
			);
			path = Modalidade;
			sourceTree = "<group>";
		};
		16838CEC28BE8EF4005C319C = {
			isa = PBXGroup;
			children = (
				16838CF728BE8EF5005C319C /* CESP_view */,
				16838CF628BE8EF5005C319C /* Products */,
			);
			sourceTree = "<group>";
		};
		16838CF628BE8EF5005C319C /* Products */ = {
			isa = PBXGroup;
			children = (
				16838CF528BE8EF5005C319C /* CESP_view.app */,
			);
			name = Products;
			sourceTree = "<group>";
		};
		16838CF728BE8EF5005C319C /* CESP_view */ = {
			isa = PBXGroup;
			children = (
				16838D0E28BEA0AB005C319C /* Model */,
				16838D0D28BEA073005C319C /* Controller */,
				16838D0C28BEA068005C319C /* View */,
				16838D0628BE8F4B005C319C /* DataModel */,
				16838CFC28BE8EF7005C319C /* Assets.xcassets */,
				16838CFE28BE8EF7005C319C /* Preview Content */,
			);
			path = CESP_view;
			sourceTree = "<group>";
		};
		16838CFE28BE8EF7005C319C /* Preview Content */ = {
			isa = PBXGroup;
			children = (
				16838CFF28BE8EF7005C319C /* Preview Assets.xcassets */,
			);
			path = "Preview Content";
			sourceTree = "<group>";
		};
		16838D0628BE8F4B005C319C /* DataModel */ = {
			isa = PBXGroup;
			children = (
				16838D0728BE8F5D005C319C /* CESPModel.xcdatamodeld */,
				16838D0A28BE9289005C319C /* CESPController.swift */,
				160EAFE328C132FD00CA4732 /* Estrutura_CESPController.swift */,
			);
			path = DataModel;
			sourceTree = "<group>";
		};
		16838D0C28BEA068005C319C /* View */ = {
			isa = PBXGroup;
			children = (
				160EAFEB28C29DF200CA4732 /* Main */,
				160EAFEC28C29E0800CA4732 /* CE */,
			);
			path = View;
			sourceTree = "<group>";
		};
		16838D0D28BEA073005C319C /* Controller */ = {
			isa = PBXGroup;
			children = (
				16838CF828BE8EF5005C319C /* CESP_viewApp.swift */,
			);
			path = Controller;
			sourceTree = "<group>";
		};
		16838D0E28BEA0AB005C319C /* Model */ = {
			isa = PBXGroup;
			children = (
			);
			path = Model;
			sourceTree = "<group>";
		};
/* End PBXGroup section */

/* Begin PBXNativeTarget section */
		16838CF428BE8EF5005C319C /* CESP_view */ = {
			isa = PBXNativeTarget;
			buildConfigurationList = 16838D0328BE8EF7005C319C /* Build configuration list for PBXNativeTarget "CESP_view" */;
			buildPhases = (
				16838CF128BE8EF5005C319C /* Sources */,
				16838CF228BE8EF5005C319C /* Frameworks */,
				16838CF328BE8EF5005C319C /* Resources */,
			);
			buildRules = (
			);
			dependencies = (
			);
			name = CESP_view;
			productName = CESP_view;
			productReference = 16838CF528BE8EF5005C319C /* CESP_view.app */;
			productType = "com.apple.product-type.application";
		};
/* End PBXNativeTarget section */

/* Begin PBXProject section */
		16838CED28BE8EF5005C319C /* Project object */ = {
			isa = PBXProject;
			attributes = {
				BuildIndependentTargetsInParallel = 1;
				LastSwiftUpdateCheck = 1340;
				LastUpgradeCheck = 1340;
				TargetAttributes = {
					16838CF428BE8EF5005C319C = {
						CreatedOnToolsVersion = 13.4.1;
					};
				};
			};
			buildConfigurationList = 16838CF028BE8EF5005C319C /* Build configuration list for PBXProject "CESP_view" */;
			compatibilityVersion = "Xcode 13.0";
			developmentRegion = en;
			hasScannedForEncodings = 0;
			knownRegions = (
				en,
				Base,
			);
			mainGroup = 16838CEC28BE8EF4005C319C;
			productRefGroup = 16838CF628BE8EF5005C319C /* Products */;
			projectDirPath = "";
			projectRoot = "";
			targets = (
				16838CF428BE8EF5005C319C /* CESP_view */,
			);
		};
/* End PBXProject section */

/* Begin PBXResourcesBuildPhase section */
		16838CF328BE8EF5005C319C /* Resources */ = {
			isa = PBXResourcesBuildPhase;
			buildActionMask = 2147483647;
			files = (
				16838D0028BE8EF7005C319C /* Preview Assets.xcassets in Resources */,
				16838CFD28BE8EF7005C319C /* Assets.xcassets in Resources */,
			);
			runOnlyForDeploymentPostprocessing = 0;
		};
/* End PBXResourcesBuildPhase section */

/* Begin PBXSourcesBuildPhase section */
		16838CF128BE8EF5005C319C /* Sources */ = {
			isa = PBXSourcesBuildPhase;
			buildActionMask = 2147483647;
			files = (
				16838D1028BEA11B005C319C /* addNewCespView.swift in Sources */,
				16838CFB28BE8EF5005C319C /* ContentView.swift in Sources */,
				16838CF928BE8EF5005C319C /* CESP_viewApp.swift in Sources */,
				160EAFEA28C27B3600CA4732 /* modalidadesCespView.swift in Sources */,
				160EAFE828C27A7E00CA4732 /* estruturasCespView.swift in Sources */,
				160EAFE628C1391C00CA4732 /* infoCespView.swift in Sources */,
				16838D0B28BE9289005C319C /* CESPController.swift in Sources */,
				160EAFE428C132FD00CA4732 /* Estrutura_CESPController.swift in Sources */,
				16838D0928BE8F5D005C319C /* CESPModel.xcdatamodeld in Sources */,
				160EAFF028C29E6700CA4732 /* addNewEstruturaView.swift in Sources */,
			);
			runOnlyForDeploymentPostprocessing = 0;
		};
/* End PBXSourcesBuildPhase section */

/* Begin XCBuildConfiguration section */
		16838D0128BE8EF7005C319C /* Debug */ = {
			isa = XCBuildConfiguration;
			buildSettings = {
				ALWAYS_SEARCH_USER_PATHS = NO;
				CLANG_ANALYZER_NONNULL = YES;
				CLANG_ANALYZER_NUMBER_OBJECT_CONVERSION = YES_AGGRESSIVE;
				CLANG_CXX_LANGUAGE_STANDARD = "gnu++17";
				CLANG_ENABLE_MODULES = YES;
				CLANG_ENABLE_OBJC_ARC = YES;
				CLANG_ENABLE_OBJC_WEAK = YES;
				CLANG_WARN_BLOCK_CAPTURE_AUTORELEASING = YES;
				CLANG_WARN_BOOL_CONVERSION = YES;
				CLANG_WARN_COMMA = YES;
				CLANG_WARN_CONSTANT_CONVERSION = YES;
				CLANG_WARN_DEPRECATED_OBJC_IMPLEMENTATIONS = YES;
				CLANG_WARN_DIRECT_OBJC_ISA_USAGE = YES_ERROR;
				CLANG_WARN_DOCUMENTATION_COMMENTS = YES;
				CLANG_WARN_EMPTY_BODY = YES;
				CLANG_WARN_ENUM_CONVERSION = YES;
				CLANG_WARN_INFINITE_RECURSION = YES;
				CLANG_WARN_INT_CONVERSION = YES;
				CLANG_WARN_NON_LITERAL_NULL_CONVERSION = YES;
				CLANG_WARN_OBJC_IMPLICIT_RETAIN_SELF = YES;
				CLANG_WARN_OBJC_LITERAL_CONVERSION = YES;
				CLANG_WARN_OBJC_ROOT_CLASS = YES_ERROR;
				CLANG_WARN_QUOTED_INCLUDE_IN_FRAMEWORK_HEADER = YES;
				CLANG_WARN_RANGE_LOOP_ANALYSIS = YES;
				CLANG_WARN_STRICT_PROTOTYPES = YES;
				CLANG_WARN_SUSPICIOUS_MOVE = YES;
				CLANG_WARN_UNGUARDED_AVAILABILITY = YES_AGGRESSIVE;
				CLANG_WARN_UNREACHABLE_CODE = YES;
				CLANG_WARN__DUPLICATE_METHOD_MATCH = YES;
				COPY_PHASE_STRIP = NO;
				DEBUG_INFORMATION_FORMAT = dwarf;
				ENABLE_STRICT_OBJC_MSGSEND = YES;
				ENABLE_TESTABILITY = YES;
				GCC_C_LANGUAGE_STANDARD = gnu11;
				GCC_DYNAMIC_NO_PIC = NO;
				GCC_NO_COMMON_BLOCKS = YES;
				GCC_OPTIMIZATION_LEVEL = 0;
				GCC_PREPROCESSOR_DEFINITIONS = (
					"DEBUG=1",
					"$(inherited)",
				);
				GCC_WARN_64_TO_32_BIT_CONVERSION = YES;
				GCC_WARN_ABOUT_RETURN_TYPE = YES_ERROR;
				GCC_WARN_UNDECLARED_SELECTOR = YES;
				GCC_WARN_UNINITIALIZED_AUTOS = YES_AGGRESSIVE;
				GCC_WARN_UNUSED_FUNCTION = YES;
				GCC_WARN_UNUSED_VARIABLE = YES;
				IPHONEOS_DEPLOYMENT_TARGET = 15.5;
				MTL_ENABLE_DEBUG_INFO = INCLUDE_SOURCE;
				MTL_FAST_MATH = YES;
				ONLY_ACTIVE_ARCH = YES;
				SDKROOT = iphoneos;
				SWIFT_ACTIVE_COMPILATION_CONDITIONS = DEBUG;
				SWIFT_OPTIMIZATION_LEVEL = "-Onone";
			};
			name = Debug;
		};
		16838D0228BE8EF7005C319C /* Release */ = {
			isa = XCBuildConfiguration;
			buildSettings = {
				ALWAYS_SEARCH_USER_PATHS = NO;
				CLANG_ANALYZER_NONNULL = YES;
				CLANG_ANALYZER_NUMBER_OBJECT_CONVERSION = YES_AGGRESSIVE;
				CLANG_CXX_LANGUAGE_STANDARD = "gnu++17";
				CLANG_ENABLE_MODULES = YES;
				CLANG_ENABLE_OBJC_ARC = YES;
				CLANG_ENABLE_OBJC_WEAK = YES;
				CLANG_WARN_BLOCK_CAPTURE_AUTORELEASING = YES;
				CLANG_WARN_BOOL_CONVERSION = YES;
				CLANG_WARN_COMMA = YES;
				CLANG_WARN_CONSTANT_CONVERSION = YES;
				CLANG_WARN_DEPRECATED_OBJC_IMPLEMENTATIONS = YES;
				CLANG_WARN_DIRECT_OBJC_ISA_USAGE = YES_ERROR;
				CLANG_WARN_DOCUMENTATION_COMMENTS = YES;
				CLANG_WARN_EMPTY_BODY = YES;
				CLANG_WARN_ENUM_CONVERSION = YES;
				CLANG_WARN_INFINITE_RECURSION = YES;
				CLANG_WARN_INT_CONVERSION = YES;
				CLANG_WARN_NON_LITERAL_NULL_CONVERSION = YES;
				CLANG_WARN_OBJC_IMPLICIT_RETAIN_SELF = YES;
				CLANG_WARN_OBJC_LITERAL_CONVERSION = YES;
				CLANG_WARN_OBJC_ROOT_CLASS = YES_ERROR;
				CLANG_WARN_QUOTED_INCLUDE_IN_FRAMEWORK_HEADER = YES;
				CLANG_WARN_RANGE_LOOP_ANALYSIS = YES;
				CLANG_WARN_STRICT_PROTOTYPES = YES;
				CLANG_WARN_SUSPICIOUS_MOVE = YES;
				CLANG_WARN_UNGUARDED_AVAILABILITY = YES_AGGRESSIVE;
				CLANG_WARN_UNREACHABLE_CODE = YES;
				CLANG_WARN__DUPLICATE_METHOD_MATCH = YES;
				COPY_PHASE_STRIP = NO;
				DEBUG_INFORMATION_FORMAT = "dwarf-with-dsym";
				ENABLE_NS_ASSERTIONS = NO;
				ENABLE_STRICT_OBJC_MSGSEND = YES;
				GCC_C_LANGUAGE_STANDARD = gnu11;
				GCC_NO_COMMON_BLOCKS = YES;
				GCC_WARN_64_TO_32_BIT_CONVERSION = YES;
				GCC_WARN_ABOUT_RETURN_TYPE = YES_ERROR;
				GCC_WARN_UNDECLARED_SELECTOR = YES;
				GCC_WARN_UNINITIALIZED_AUTOS = YES_AGGRESSIVE;
				GCC_WARN_UNUSED_FUNCTION = YES;
				GCC_WARN_UNUSED_VARIABLE = YES;
				IPHONEOS_DEPLOYMENT_TARGET = 15.5;
				MTL_ENABLE_DEBUG_INFO = NO;
				MTL_FAST_MATH = YES;
				SDKROOT = iphoneos;
				SWIFT_COMPILATION_MODE = wholemodule;
				SWIFT_OPTIMIZATION_LEVEL = "-O";
				VALIDATE_PRODUCT = YES;
			};
			name = Release;
		};
		16838D0428BE8EF7005C319C /* Debug */ = {
			isa = XCBuildConfiguration;
			buildSettings = {
				ASSETCATALOG_COMPILER_APPICON_NAME = AppIcon;
				ASSETCATALOG_COMPILER_GLOBAL_ACCENT_COLOR_NAME = AccentColor;
				CODE_SIGN_STYLE = Automatic;
				CURRENT_PROJECT_VERSION = 1;
				DEVELOPMENT_ASSET_PATHS = "\"CESP_view/Preview Content\"";
				DEVELOPMENT_TEAM = UFS93RKF34;
				ENABLE_PREVIEWS = YES;
				GENERATE_INFOPLIST_FILE = YES;
				INFOPLIST_KEY_UIApplicationSceneManifest_Generation = YES;
				INFOPLIST_KEY_UIApplicationSupportsIndirectInputEvents = YES;
				INFOPLIST_KEY_UILaunchScreen_Generation = YES;
				INFOPLIST_KEY_UISupportedInterfaceOrientations_iPad = "UIInterfaceOrientationPortrait UIInterfaceOrientationPortraitUpsideDown UIInterfaceOrientationLandscapeLeft UIInterfaceOrientationLandscapeRight";
				INFOPLIST_KEY_UISupportedInterfaceOrientations_iPhone = "UIInterfaceOrientationPortrait UIInterfaceOrientationLandscapeLeft UIInterfaceOrientationLandscapeRight";
				LD_RUNPATH_SEARCH_PATHS = (
					"$(inherited)",
					"@executable_path/Frameworks",
				);
				MARKETING_VERSION = 1.0;
				PRODUCT_BUNDLE_IDENTIFIER = "com.pnimoveis.CESP-view";
				PRODUCT_NAME = "$(TARGET_NAME)";
				SWIFT_EMIT_LOC_STRINGS = YES;
				SWIFT_VERSION = 5.0;
				TARGETED_DEVICE_FAMILY = "1,2";
			};
			name = Debug;
		};
		16838D0528BE8EF7005C319C /* Release */ = {
			isa = XCBuildConfiguration;
			buildSettings = {
				ASSETCATALOG_COMPILER_APPICON_NAME = AppIcon;
				ASSETCATALOG_COMPILER_GLOBAL_ACCENT_COLOR_NAME = AccentColor;
				CODE_SIGN_STYLE = Automatic;
				CURRENT_PROJECT_VERSION = 1;
				DEVELOPMENT_ASSET_PATHS = "\"CESP_view/Preview Content\"";
				DEVELOPMENT_TEAM = UFS93RKF34;
				ENABLE_PREVIEWS = YES;
				GENERATE_INFOPLIST_FILE = YES;
				INFOPLIST_KEY_UIApplicationSceneManifest_Generation = YES;
				INFOPLIST_KEY_UIApplicationSupportsIndirectInputEvents = YES;
				INFOPLIST_KEY_UILaunchScreen_Generation = YES;
				INFOPLIST_KEY_UISupportedInterfaceOrientations_iPad = "UIInterfaceOrientationPortrait UIInterfaceOrientationPortraitUpsideDown UIInterfaceOrientationLandscapeLeft UIInterfaceOrientationLandscapeRight";
				INFOPLIST_KEY_UISupportedInterfaceOrientations_iPhone = "UIInterfaceOrientationPortrait UIInterfaceOrientationLandscapeLeft UIInterfaceOrientationLandscapeRight";
				LD_RUNPATH_SEARCH_PATHS = (
					"$(inherited)",
					"@executable_path/Frameworks",
				);
				MARKETING_VERSION = 1.0;
				PRODUCT_BUNDLE_IDENTIFIER = "com.pnimoveis.CESP-view";
				PRODUCT_NAME = "$(TARGET_NAME)";
				SWIFT_EMIT_LOC_STRINGS = YES;
				SWIFT_VERSION = 5.0;
				TARGETED_DEVICE_FAMILY = "1,2";
			};
			name = Release;
		};
/* End XCBuildConfiguration section */

/* Begin XCConfigurationList section */
		16838CF028BE8EF5005C319C /* Build configuration list for PBXProject "CESP_view" */ = {
			isa = XCConfigurationList;
			buildConfigurations = (
				16838D0128BE8EF7005C319C /* Debug */,
				16838D0228BE8EF7005C319C /* Release */,
			);
			defaultConfigurationIsVisible = 0;
			defaultConfigurationName = Release;
		};
		16838D0328BE8EF7005C319C /* Build configuration list for PBXNativeTarget "CESP_view" */ = {
			isa = XCConfigurationList;
			buildConfigurations = (
				16838D0428BE8EF7005C319C /* Debug */,
				16838D0528BE8EF7005C319C /* Release */,
			);
			defaultConfigurationIsVisible = 0;
			defaultConfigurationName = Release;
		};
/* End XCConfigurationList section */

/* Begin XCVersionGroup section */
		16838D0728BE8F5D005C319C /* CESPModel.xcdatamodeld */ = {
			isa = XCVersionGroup;
			children = (
				16838D0828BE8F5D005C319C /* CESPModel.xcdatamodel */,
			);
			currentVersion = 16838D0828BE8F5D005C319C /* CESPModel.xcdatamodel */;
			path = CESPModel.xcdatamodeld;
			sourceTree = "<group>";
			versionGroupType = wrapper.xcdatamodel;
		};
/* End XCVersionGroup section */
	};
	rootObject = 16838CED28BE8EF5005C319C /* Project object */;
}
